
Microsoft Visual Studio Solution File, Format Version 12.00
# Visual Studio 2012
Project("{FAE04EC0-301F-11D3-BF4B-00C04F79EFBC}") = "LowisDateTimeConverter", "LowisDateTimeConverter\LowisDateTimeConverter.csproj", "{E3B23FCB-B4EF-451F-863C-6BDF32FFD723}"
EndProject
Global
	GlobalSection(SolutionConfigurationPlatforms) = preSolution
		Debug|Any CPU = Debug|Any CPU
		Release|Any CPU = Release|Any CPU
	EndGlobalSection
	GlobalSection(ProjectConfigurationPlatforms) = postSolution
		{E3B23FCB-B4EF-451F-863C-6BDF32FFD723}.Debug|Any CPU.ActiveCfg = Debug|Any CPU
		{E3B23FCB-B4EF-451F-863C-6BDF32FFD723}.Debug|Any CPU.Build.0 = Debug|Any CPU
		{E3B23FCB-B4EF-451F-863C-6BDF32FFD723}.Release|Any CPU.ActiveCfg = Release|Any CPU
		{E3B23FCB-B4EF-451F-863C-6BDF32FFD723}.Release|Any CPU.Build.0 = Release|Any CPU
	EndGlobalSection
	GlobalSection(SolutionProperties) = preSolution
		HideSolutionNode = FALSE
	EndGlobalSection
EndGlobal
