
Microsoft Visual Studio Solution File, Format Version 12.00
# Visual Studio 2012
Project("{FAE04EC0-301F-11D3-BF4B-00C04F79EFBC}") = "getscreenshot", "getscreenshot\getscreenshot.csproj", "{11DBBE43-314B-4CBF-B735-8F88B60635DD}"
EndProject
Global
	GlobalSection(SolutionConfigurationPlatforms) = preSolution
		Debug|Any CPU = Debug|Any CPU
		Release|Any CPU = Release|Any CPU
	EndGlobalSection
	GlobalSection(ProjectConfigurationPlatforms) = postSolution
		{11DBBE43-314B-4CBF-B735-8F88B60635DD}.Debug|Any CPU.ActiveCfg = Debug|Any CPU
		{11DBBE43-314B-4CBF-B735-8F88B60635DD}.Debug|Any CPU.Build.0 = Debug|Any CPU
		{11DBBE43-314B-4CBF-B735-8F88B60635DD}.Release|Any CPU.ActiveCfg = Release|Any CPU
		{11DBBE43-314B-4CBF-B735-8F88B60635DD}.Release|Any CPU.Build.0 = Release|Any CPU
	EndGlobalSection
	GlobalSection(SolutionProperties) = preSolution
		HideSolutionNode = FALSE
	EndGlobalSection
EndGlobal
